{
  "name": "simple-mq-using-go-redis",
  "version": "1.0.3",
  "lockfileVersion": 3,
  "requires": true,
  "packages": {
    "": {
      "name": "simple-mq-using-go-redis",
      "version": "1.0.3",
      "license": "MIT",
      "dependencies": {
        "simple-mq-using-go-redis": "^1.0.0",
        "zshop": "^1.0.1"
      }
    },
    "node_modules/golangci-lint-helper": {
      "version": "0.0.2",
      "resolved": "https://registry.npmjs.org/golangci-lint-helper/-/golangci-lint-helper-0.0.2.tgz",
      "integrity": "sha512-B5THg4F4A3NXGydbKUhhXCt09Ss7L0t6qfHQZEPiiBPQRC4rKsVbD9zyPkaZezCFsCuzdyN2Nxma7D+lNhqcqA==",
      "bin": {
        "golangci-lint-helper": "golangci-lint-helper.js"
      }
    },
    "node_modules/simple-mq-using-go-redis": {
      "version": "1.0.2",
      "resolved": "https://registry.npmjs.org/simple-mq-using-go-redis/-/simple-mq-using-go-redis-1.0.2.tgz",
      "integrity": "sha512-k9qZhNvDkevoeQkDEmPHAH98Wr0EHq7lf+vFOExLNNalFgKyi8sHkMIMCoLefZgzSmzCT/M/pN09zuo0tob4zg==",
      "dependencies": {
        "simple-mq-using-go-redis": "^1.0.0",
        "zshop": "^1.0.1"
      }
    },
    "node_modules/zshop": {
      "version": "1.0.2",
      "resolved": "https://registry.npmjs.org/zshop/-/zshop-1.0.2.tgz",
      "integrity": "sha512-TCd53Aq8RlbnzBaepxYsJRutxb2QPBgwUUnQgCh0JBhIcqI1ZT93Kg5fuQnA13iBZ/EFZwPbdIcyOChIyY5JZw==",
      "dependencies": {
        "golangci-lint-helper": "^0.0.2"
      }
    }
  }
}
