{
  "name": "simple-mq-using-go-redis",
  "version": "1.0.0",
  "lockfileVersion": 3,
  "requires": true,
  "packages": {
    "": {
      "name": "simple-mq-using-go-redis",
      "version": "1.0.0",
      "license": "MIT",
      "dependencies": {
        "simple-mq-using-go-redis": "^1.0.0"
      }
    },
    "node_modules/simple-mq-using-go-redis": {
      "version": "1.0.0",
      "resolved": "https://registry.npmjs.org/simple-mq-using-go-redis/-/simple-mq-using-go-redis-1.0.0.tgz",
      "integrity": "sha512-cXWUoKaTr24dsatU0zjTPNdF32QjMy7dXeooVDSsd//zuiW+umujgZDvxnVsMKZKuQ1/Rop4jpp1TLYIxJyFHA=="
    }
  }
}
